
Microsoft Visual Studio Solution File, Format Version 12.00
# Visual Studio Version 17
VisualStudioVersion = 17.14.36202.13
MinimumVisualStudioVersion = 10.0.40219.1
Project("{FAE04EC0-301F-11D3-BF4B-00C04F79EFBC}") = "top.ebiz.service-api", "top.ebiz.service-api.csproj", "{4A037340-3AA5-6C5E-F49D-B11E74B8D71C}"
EndProject
Global
	GlobalSection(SolutionConfigurationPlatforms) = preSolution
		Debug|Any CPU = Debug|Any CPU
		Debug|x64 = Debug|x64
		Debug|x86 = Debug|x86
		Release|Any CPU = Release|Any CPU
		Release|x64 = Release|x64
		Release|x86 = Release|x86
	EndGlobalSection
	GlobalSection(ProjectConfigurationPlatforms) = postSolution
		{4A037340-3AA5-6C5E-F49D-B11E74B8D71C}.Debug|Any CPU.ActiveCfg = Debug|Any CPU
		{4A037340-3AA5-6C5E-F49D-B11E74B8D71C}.Debug|Any CPU.Build.0 = Debug|Any CPU
		{4A037340-3AA5-6C5E-F49D-B11E74B8D71C}.Debug|x64.ActiveCfg = Debug|Any CPU
		{4A037340-3AA5-6C5E-F49D-B11E74B8D71C}.Debug|x64.Build.0 = Debug|Any CPU
		{4A037340-3AA5-6C5E-F49D-B11E74B8D71C}.Debug|x86.ActiveCfg = Debug|Any CPU
		{4A037340-3AA5-6C5E-F49D-B11E74B8D71C}.Debug|x86.Build.0 = Debug|Any CPU
		{4A037340-3AA5-6C5E-F49D-B11E74B8D71C}.Release|Any CPU.ActiveCfg = Release|Any CPU
		{4A037340-3AA5-6C5E-F49D-B11E74B8D71C}.Release|Any CPU.Build.0 = Release|Any CPU
		{4A037340-3AA5-6C5E-F49D-B11E74B8D71C}.Release|x64.ActiveCfg = Release|Any CPU
		{4A037340-3AA5-6C5E-F49D-B11E74B8D71C}.Release|x64.Build.0 = Release|Any CPU
		{4A037340-3AA5-6C5E-F49D-B11E74B8D71C}.Release|x86.ActiveCfg = Release|Any CPU
		{4A037340-3AA5-6C5E-F49D-B11E74B8D71C}.Release|x86.Build.0 = Release|Any CPU
	EndGlobalSection
	GlobalSection(SolutionProperties) = preSolution
		HideSolutionNode = FALSE
	EndGlobalSection
	GlobalSection(ExtensibilityGlobals) = postSolution
		SolutionGuid = {D0D87137-33C9-490F-85C5-4A65DF890612}
	EndGlobalSection
EndGlobal
